
Microsoft Visual Studio Solution File, Format Version 12.00
# Visual Studio Version 16
VisualStudioVersion = 16.0.31005.135
MinimumVisualStudioVersion = 10.0.40219.1
Project("{9A19103F-16F7-4668-BE54-9A1E7A4F7556}") = "Web", "Web.csproj", "{9FD24D4D-0C2A-4286-A7AD-7334A3B99F8B}"
EndProject
Global
	GlobalSection(SolutionConfigurationPlatforms) = preSolution
		Debug|Any CPU = Debug|Any CPU
		Release|Any CPU = Release|Any CPU
	EndGlobalSection
	GlobalSection(ProjectConfigurationPlatforms) = postSolution
		{9FD24D4D-0C2A-4286-A7AD-7334A3B99F8B}.Debug|Any CPU.ActiveCfg = Debug|Any CPU
		{9FD24D4D-0C2A-4286-A7AD-7334A3B99F8B}.Debug|Any CPU.Build.0 = Debug|Any CPU
		{9FD24D4D-0C2A-4286-A7AD-7334A3B99F8B}.Release|Any CPU.ActiveCfg = Release|Any CPU
		{9FD24D4D-0C2A-4286-A7AD-7334A3B99F8B}.Release|Any CPU.Build.0 = Release|Any CPU
	EndGlobalSection
	GlobalSection(SolutionProperties) = preSolution
		HideSolutionNode = FALSE
	EndGlobalSection
	GlobalSection(ExtensibilityGlobals) = postSolution
		SolutionGuid = {5F1F90EC-EB8E-41BC-9BBC-C98BF8E12568}
	EndGlobalSection
EndGlobal
